github.com/oarkflow/authz v0.0.6 h1:00I9FJkxe/MldkPqeCR99nx7B3FewdE6JcMSD3e6eS0=
github.com/oarkflow/authz v0.0.6/go.mod h1:MPFLMzOG5inW7kD1a4R7Rb8xDXOgCnFZKP+F/rngCAY=
github.com/oarkflow/bcl v0.0.31 h1:BHKH2HWZIs3MuJUlZ3Sy3+5hJIfNyf3wetm7sVhOlaU=
github.com/oarkflow/bcl v0.0.31/go.mod h1:LHqLjg5gVK0YDMw3S/R5gtRUu0cJWyNrkAsMcC1aors=
github.com/oarkflow/convert v0.0.6 h1:uHTcyGe8D0Uo21E4xmaXPdhdEvVc1fYWC0Lqcj3N+fw=
github.com/oarkflow/convert v0.0.6/go.mod h1:2uCH13m+EopoRto8cwDTFbW9MCOBVYvFDr13wG4ckoo=
github.com/oarkflow/ip v0.0.11 h1:Jl9eX6FkSmWuvHaEH8Q3nlTvA8csXDHMnEf4IxC7meg=
github.com/oarkflow/ip v0.0.11/go.mod h1:PGhQQ6WSJNWpQxDT5edx90V4PTErORl8Cew4RoRGka0=
github.com/oarkflow/rules v0.0.5 h1:sV2U25+qcqkkUAfuiiCgr3qy1jRCZnHz/cWpUyX2Lk0=
github.com/oarkflow/rules v0.0.5/go.mod h1:nnWDFPRb14EHf/3g8CF8z/X27x0k8WaJCBb3tiOz8kI=
github.com/oarkflow/wuid v0.0.1 h1:Wm4VdtLUHClupMz05shLCadql/n9VzuCQHXiknkf+hg=
github.com/oarkflow/wuid v0.0.1/go.mod h1:LLjturNSTGosMfcYFVwUeVlvvGUHLJWlj0PoYzNo588=
golang.org/x/crypto v0.56.0 h1:GUh5Ii4J5jtcseSMiRqr1jXCNHoxjeV9Fmekc2oLy6Y=
golang.org/x/crypto v0.56.0/go.mod h1:OMW5y6CY9l38uPLmxU6l6pwcXp1obtLo3e6gT7gQR2I=
golang.org/x/sys v0.48.0 h1:bbX/i/6MgT9BVLM9RT1thmxL04yeTAhbEz4SyadbXoo=
golang.org/x/sys v0.48.0/go.mod h1:hNLxWAXmnKAxqDtdwIYC4bM9oQPEecfsnNMuSxOs3og=
