github.com/oarkflow/authz v0.0.5 h1:N+n6jadf0si+b3KLO9ctb5AdcYk/ST7n/GGebvANms0=
github.com/oarkflow/authz v0.0.5/go.mod h1:X6vZV9fSfjczMsK9RxXaLDz8yeyORK/n/vSPgPswHTo=
github.com/oarkflow/bcl v0.0.30 h1:4e6MGxSoi5BIpNevehy3/IfyThBjokF5Dxvyc4HDsBE=
github.com/oarkflow/bcl v0.0.30/go.mod h1:lNYKV/E26zOcrXvA1mfyU7yy0BIGiqQFuCaVUka85oM=
github.com/oarkflow/fh v0.0.8 h1:4yoCzlKg+hZ7POkqOjNDlbQUawSJFQK68FWufPZA+II=
github.com/oarkflow/fh v0.0.8/go.mod h1:vpNoJBIoazpZRKN2BSHY5jn5kblAaxHDnH4SHtq68sY=
github.com/oarkflow/ip v0.0.11 h1:Jl9eX6FkSmWuvHaEH8Q3nlTvA8csXDHMnEf4IxC7meg=
github.com/oarkflow/ip v0.0.11/go.mod h1:PGhQQ6WSJNWpQxDT5edx90V4PTErORl8Cew4RoRGka0=
github.com/oarkflow/rules v0.0.2 h1:P0JtsiPei1IlkkTPS5D1pMyJhuunRDP1jz+usDt7tXI=
github.com/oarkflow/rules v0.0.2/go.mod h1:Eenro/c2ONfxdW31VY1JOF5LXv2WMYX2LDhJtsGuytU=
github.com/oarkflow/wuid v0.0.1 h1:Wm4VdtLUHClupMz05shLCadql/n9VzuCQHXiknkf+hg=
github.com/oarkflow/wuid v0.0.1/go.mod h1:LLjturNSTGosMfcYFVwUeVlvvGUHLJWlj0PoYzNo588=
golang.org/x/crypto v0.54.0 h1:YLIA59K4fiNzHzjnZt2tUJQjQtUWfWbeHBqKtk3eScw=
golang.org/x/crypto v0.54.0/go.mod h1:KWL8ny2AZdGR2cWmzeHrp2azQPGogOv+HeQaVEXC2dk=
golang.org/x/sys v0.47.0 h1:o7XGOvZQCADBQQ4Y7VNq2dRWQR7JmOUW8Kxx4ZsNgWs=
golang.org/x/sys v0.47.0/go.mod h1:4GL1E5IUh+htKOUEOaiffhrAeqysfVGipDYzABqnCmw=
